
Microsoft Visual Studio Solution File, Format Version 12.00
# Visual Studio Version 17
VisualStudioVersion = 17.9.34714.143
MinimumVisualStudioVersion = 10.0.40219.1
Project("{FAE04EC0-301F-11D3-BF4B-00C04F79EFBC}") = "kalendář", "kalendář.csproj", "{F70A9104-BF09-4430-8522-EB9CCC727FFD}"
EndProject
Global
	GlobalSection(SolutionConfigurationPlatforms) = preSolution
		Debug|Any CPU = Debug|Any CPU
		Release|Any CPU = Release|Any CPU
	EndGlobalSection
	GlobalSection(ProjectConfigurationPlatforms) = postSolution
		{F70A9104-BF09-4430-8522-EB9CCC727FFD}.Debug|Any CPU.ActiveCfg = Debug|Any CPU
		{F70A9104-BF09-4430-8522-EB9CCC727FFD}.Debug|Any CPU.Build.0 = Debug|Any CPU
		{F70A9104-BF09-4430-8522-EB9CCC727FFD}.Debug|Any CPU.Deploy.0 = Debug|Any CPU
		{F70A9104-BF09-4430-8522-EB9CCC727FFD}.Release|Any CPU.ActiveCfg = Release|Any CPU
		{F70A9104-BF09-4430-8522-EB9CCC727FFD}.Release|Any CPU.Build.0 = Release|Any CPU
		{F70A9104-BF09-4430-8522-EB9CCC727FFD}.Release|Any CPU.Deploy.0 = Release|Any CPU
	EndGlobalSection
	GlobalSection(SolutionProperties) = preSolution
		HideSolutionNode = FALSE
	EndGlobalSection
	GlobalSection(ExtensibilityGlobals) = postSolution
		SolutionGuid = {DF1AC098-8346-479D-8064-DFC37C912720}
	EndGlobalSection
EndGlobal
