
Microsoft Visual Studio Solution File, Format Version 12.00
# Visual Studio Version 17
VisualStudioVersion = 17.1.32421.90
MinimumVisualStudioVersion = 10.0.40219.1
Project("{FAE04EC0-301F-11D3-BF4B-00C04F79EFBC}") = "GUI_calc", "GUI_calc.csproj", "{CE6E6D3E-7428-477A-9F4F-BD83CC5D125F}"
EndProject
Global
	GlobalSection(SolutionConfigurationPlatforms) = preSolution
		Debug|Any CPU = Debug|Any CPU
		Release|Any CPU = Release|Any CPU
	EndGlobalSection
	GlobalSection(ProjectConfigurationPlatforms) = postSolution
		{CE6E6D3E-7428-477A-9F4F-BD83CC5D125F}.Debug|Any CPU.ActiveCfg = Debug|Any CPU
		{CE6E6D3E-7428-477A-9F4F-BD83CC5D125F}.Debug|Any CPU.Build.0 = Debug|Any CPU
		{CE6E6D3E-7428-477A-9F4F-BD83CC5D125F}.Release|Any CPU.ActiveCfg = Release|Any CPU
		{CE6E6D3E-7428-477A-9F4F-BD83CC5D125F}.Release|Any CPU.Build.0 = Release|Any CPU
	EndGlobalSection
	GlobalSection(SolutionProperties) = preSolution
		HideSolutionNode = FALSE
	EndGlobalSection
	GlobalSection(ExtensibilityGlobals) = postSolution
		SolutionGuid = {2A2B221B-0A0E-4ADD-8CFA-41B5BACB833B}
	EndGlobalSection
EndGlobal
