
Microsoft Visual Studio Solution File, Format Version 12.00
# Visual Studio Version 17
VisualStudioVersion = 17.1.32414.318
MinimumVisualStudioVersion = 10.0.40219.1
Project("{FAE04EC0-301F-11D3-BF4B-00C04F79EFBC}") = "first_steps", "first_steps.csproj", "{78E33575-5CFA-4DDB-8C92-7482045C7E61}"
EndProject
Global
	GlobalSection(SolutionConfigurationPlatforms) = preSolution
		Debug|Any CPU = Debug|Any CPU
		Release|Any CPU = Release|Any CPU
	EndGlobalSection
	GlobalSection(ProjectConfigurationPlatforms) = postSolution
		{78E33575-5CFA-4DDB-8C92-7482045C7E61}.Debug|Any CPU.ActiveCfg = Debug|Any CPU
		{78E33575-5CFA-4DDB-8C92-7482045C7E61}.Debug|Any CPU.Build.0 = Debug|Any CPU
		{78E33575-5CFA-4DDB-8C92-7482045C7E61}.Release|Any CPU.ActiveCfg = Release|Any CPU
		{78E33575-5CFA-4DDB-8C92-7482045C7E61}.Release|Any CPU.Build.0 = Release|Any CPU
	EndGlobalSection
	GlobalSection(SolutionProperties) = preSolution
		HideSolutionNode = FALSE
	EndGlobalSection
	GlobalSection(ExtensibilityGlobals) = postSolution
		SolutionGuid = {3750AB90-C3D5-41E9-8B1C-C0AF1F65EF7C}
	EndGlobalSection
EndGlobal
